
Microsoft Visual Studio Solution File, Format Version 12.00
# Visual Studio Version 16
VisualStudioVersion = 16.0.29709.97
MinimumVisualStudioVersion = 10.0.40219.1
Project("{2150E333-8FDC-42A3-9474-1A3956D46DE8}") = "ApiGateway", "ApiGateway", "{BE2DDCFE-5165-4494-87ED-35A24B634F51}"
EndProject
Project("{2150E333-8FDC-42A3-9474-1A3956D46DE8}") = "Services", "Services", "{77270AF6-B45E-4FAA-9D1E-DDDD09FAF3F9}"
EndProject
Project("{2150E333-8FDC-42A3-9474-1A3956D46DE8}") = "WebApps", "WebApps", "{7BBD41BB-D8DB-46B3-8C0B-9A6F55EA332E}"
EndProject
Project("{2150E333-8FDC-42A3-9474-1A3956D46DE8}") = "Catalog", "Catalog", "{C7C6E849-37F2-4DA2-BC69-AC86F57C46AA}"
EndProject
Project("{2150E333-8FDC-42A3-9474-1A3956D46DE8}") = "tests", "tests", "{8721C294-3A3C-4CD1-A29A-70F0FD2487C3}"
EndProject
Project("{2150E333-8FDC-42A3-9474-1A3956D46DE8}") = "IdentiyServer", "IdentiyServer", "{23093298-1DB1-4422-97A4-874EDBAFE7CD}"
EndProject
Project("{9A19103F-16F7-4668-BE54-9A1E7A4F7556}") = "AngularSPA", "AngularSPA\AngularSPA.csproj", "{51150642-0612-4CC9-845F-AB269025B987}"
EndProject
Project("{2150E333-8FDC-42A3-9474-1A3956D46DE8}") = "Subscription", "Subscription", "{66129E42-CDEB-4E46-8D1C-415FB4CAC892}"
EndProject
Project("{9A19103F-16F7-4668-BE54-9A1E7A4F7556}") = "Subsription.API", "Services\Subscription\Subsription.API\Subsription.API.csproj", "{87F4D1C6-DF8C-4852-99B5-2FA71B85F9E1}"
EndProject
Project("{9A19103F-16F7-4668-BE54-9A1E7A4F7556}") = "Subscription.Application", "Services\Subscription\Subscription.Application\Subscription.Application\Subscription.Application.csproj", "{1FDADF21-910A-4EA5-9205-BF4B6F61457C}"
EndProject
Project("{9A19103F-16F7-4668-BE54-9A1E7A4F7556}") = "Subsricption.Domain", "Services\Subscription\Subscription.Application\Subsricption.Domain\Subsricption.Domain.csproj", "{90F5CFE7-4DB2-44AB-967E-B36736281CCE}"
EndProject
Project("{9A19103F-16F7-4668-BE54-9A1E7A4F7556}") = "Subscription.Storage", "Services\Subscription\Subscription.Application\Subscription.Storage\Subscription.Storage.csproj", "{B1C66ADA-8672-47C4-84E7-12C60921D164}"
EndProject
Project("{9A19103F-16F7-4668-BE54-9A1E7A4F7556}") = "ApiGateway.API", "ApiGateway\ApiGateway.API\ApiGateway.API.csproj", "{143065DA-24A7-45A2-A001-CF9B9FDE2BD8}"
EndProject
Project("{9A19103F-16F7-4668-BE54-9A1E7A4F7556}") = "Catalog.API", "Services\Catalogs\Catalog.API\Catalog.API.csproj", "{75AC717C-22DF-4A11-A3F8-E2A4C3740BC1}"
EndProject
Project("{9A19103F-16F7-4668-BE54-9A1E7A4F7556}") = "catalogs.unittests", "Services\Catalogs\test\catalogs.unittests\catalogs.unittests.csproj", "{1D1F4CE1-23DE-41EE-B6A0-B415E128B01F}"
EndProject
Project("{9A19103F-16F7-4668-BE54-9A1E7A4F7556}") = "catalogs.functionaltests", "Services\Catalogs\test\catalogs.functionaltests\catalogs.functionaltests.csproj", "{3D8AA2A9-8E8B-45F4-B06C-741D43A56ED0}"
EndProject
Project("{9A19103F-16F7-4668-BE54-9A1E7A4F7556}") = "IdentityServer", "Services\IdentityServer\IdentityServer\IdentityServer.csproj", "{70C7A9AC-0CA6-4FC2-9FE8-C65F267FE864}"
EndProject
Project("{2150E333-8FDC-42A3-9474-1A3956D46DE8}") = "tests", "tests", "{9047B149-98F5-4261-B157-AB56636576B2}"
EndProject
Project("{9A19103F-16F7-4668-BE54-9A1E7A4F7556}") = "Subscription.UnitTests", "Services\Subscription\tests\Subscription.UnitTests\Subscription.UnitTests.csproj", "{BADCE6C9-89F3-4E33-91D1-AB9A329642BF}"
EndProject
Project("{FAE04EC0-301F-11D3-BF4B-00C04F79EFBC}") = "Subscription.FunctionalTest", "Services\Subscription\tests\Subscription.FunctionalTest\Subscription.FunctionalTest.csproj", "{C3464970-4490-40B0-ABBD-CBA7769A85F9}"
EndProject
Project("{2150E333-8FDC-42A3-9474-1A3956D46DE8}") = "test", "test", "{E40715DC-ECB9-45A4-AC5B-287B085BE0E1}"
EndProject
Project("{FAE04EC0-301F-11D3-BF4B-00C04F79EFBC}") = "apigateway.tests", "ApiGateway\tests\apigateway.tests\apigateway.tests.csproj", "{DBDD65BF-114E-4950-9559-3EDE2B35F1F4}"
EndProject
Project("{FAE04EC0-301F-11D3-BF4B-00C04F79EFBC}") = "apigateway.unittest", "ApiGateway\tests\apigateway.unittest\apigateway.unittest.csproj", "{B2813DA7-3E84-44AA-8B18-9B5646F7B742}"
EndProject
Global
	GlobalSection(SolutionConfigurationPlatforms) = preSolution
		Debug|Any CPU = Debug|Any CPU
		Release|Any CPU = Release|Any CPU
	EndGlobalSection
	GlobalSection(ProjectConfigurationPlatforms) = postSolution
		{51150642-0612-4CC9-845F-AB269025B987}.Debug|Any CPU.ActiveCfg = Debug|Any CPU
		{51150642-0612-4CC9-845F-AB269025B987}.Debug|Any CPU.Build.0 = Debug|Any CPU
		{51150642-0612-4CC9-845F-AB269025B987}.Release|Any CPU.ActiveCfg = Release|Any CPU
		{51150642-0612-4CC9-845F-AB269025B987}.Release|Any CPU.Build.0 = Release|Any CPU
		{87F4D1C6-DF8C-4852-99B5-2FA71B85F9E1}.Debug|Any CPU.ActiveCfg = Debug|Any CPU
		{87F4D1C6-DF8C-4852-99B5-2FA71B85F9E1}.Debug|Any CPU.Build.0 = Debug|Any CPU
		{87F4D1C6-DF8C-4852-99B5-2FA71B85F9E1}.Release|Any CPU.ActiveCfg = Release|Any CPU
		{87F4D1C6-DF8C-4852-99B5-2FA71B85F9E1}.Release|Any CPU.Build.0 = Release|Any CPU
		{1FDADF21-910A-4EA5-9205-BF4B6F61457C}.Debug|Any CPU.ActiveCfg = Debug|Any CPU
		{1FDADF21-910A-4EA5-9205-BF4B6F61457C}.Debug|Any CPU.Build.0 = Debug|Any CPU
		{1FDADF21-910A-4EA5-9205-BF4B6F61457C}.Release|Any CPU.ActiveCfg = Release|Any CPU
		{1FDADF21-910A-4EA5-9205-BF4B6F61457C}.Release|Any CPU.Build.0 = Release|Any CPU
		{90F5CFE7-4DB2-44AB-967E-B36736281CCE}.Debug|Any CPU.ActiveCfg = Debug|Any CPU
		{90F5CFE7-4DB2-44AB-967E-B36736281CCE}.Debug|Any CPU.Build.0 = Debug|Any CPU
		{90F5CFE7-4DB2-44AB-967E-B36736281CCE}.Release|Any CPU.ActiveCfg = Release|Any CPU
		{90F5CFE7-4DB2-44AB-967E-B36736281CCE}.Release|Any CPU.Build.0 = Release|Any CPU
		{B1C66ADA-8672-47C4-84E7-12C60921D164}.Debug|Any CPU.ActiveCfg = Debug|Any CPU
		{B1C66ADA-8672-47C4-84E7-12C60921D164}.Debug|Any CPU.Build.0 = Debug|Any CPU
		{B1C66ADA-8672-47C4-84E7-12C60921D164}.Release|Any CPU.ActiveCfg = Release|Any CPU
		{B1C66ADA-8672-47C4-84E7-12C60921D164}.Release|Any CPU.Build.0 = Release|Any CPU
		{143065DA-24A7-45A2-A001-CF9B9FDE2BD8}.Debug|Any CPU.ActiveCfg = Debug|Any CPU
		{143065DA-24A7-45A2-A001-CF9B9FDE2BD8}.Debug|Any CPU.Build.0 = Debug|Any CPU
		{143065DA-24A7-45A2-A001-CF9B9FDE2BD8}.Release|Any CPU.ActiveCfg = Release|Any CPU
		{143065DA-24A7-45A2-A001-CF9B9FDE2BD8}.Release|Any CPU.Build.0 = Release|Any CPU
		{75AC717C-22DF-4A11-A3F8-E2A4C3740BC1}.Debug|Any CPU.ActiveCfg = Debug|Any CPU
		{75AC717C-22DF-4A11-A3F8-E2A4C3740BC1}.Debug|Any CPU.Build.0 = Debug|Any CPU
		{75AC717C-22DF-4A11-A3F8-E2A4C3740BC1}.Release|Any CPU.ActiveCfg = Release|Any CPU
		{75AC717C-22DF-4A11-A3F8-E2A4C3740BC1}.Release|Any CPU.Build.0 = Release|Any CPU
		{1D1F4CE1-23DE-41EE-B6A0-B415E128B01F}.Debug|Any CPU.ActiveCfg = Debug|Any CPU
		{1D1F4CE1-23DE-41EE-B6A0-B415E128B01F}.Debug|Any CPU.Build.0 = Debug|Any CPU
		{1D1F4CE1-23DE-41EE-B6A0-B415E128B01F}.Release|Any CPU.ActiveCfg = Release|Any CPU
		{1D1F4CE1-23DE-41EE-B6A0-B415E128B01F}.Release|Any CPU.Build.0 = Release|Any CPU
		{3D8AA2A9-8E8B-45F4-B06C-741D43A56ED0}.Debug|Any CPU.ActiveCfg = Debug|Any CPU
		{3D8AA2A9-8E8B-45F4-B06C-741D43A56ED0}.Debug|Any CPU.Build.0 = Debug|Any CPU
		{3D8AA2A9-8E8B-45F4-B06C-741D43A56ED0}.Release|Any CPU.ActiveCfg = Release|Any CPU
		{3D8AA2A9-8E8B-45F4-B06C-741D43A56ED0}.Release|Any CPU.Build.0 = Release|Any CPU
		{70C7A9AC-0CA6-4FC2-9FE8-C65F267FE864}.Debug|Any CPU.ActiveCfg = Debug|Any CPU
		{70C7A9AC-0CA6-4FC2-9FE8-C65F267FE864}.Debug|Any CPU.Build.0 = Debug|Any CPU
		{70C7A9AC-0CA6-4FC2-9FE8-C65F267FE864}.Release|Any CPU.ActiveCfg = Release|Any CPU
		{70C7A9AC-0CA6-4FC2-9FE8-C65F267FE864}.Release|Any CPU.Build.0 = Release|Any CPU
		{BADCE6C9-89F3-4E33-91D1-AB9A329642BF}.Debug|Any CPU.ActiveCfg = Debug|Any CPU
		{BADCE6C9-89F3-4E33-91D1-AB9A329642BF}.Debug|Any CPU.Build.0 = Debug|Any CPU
		{BADCE6C9-89F3-4E33-91D1-AB9A329642BF}.Release|Any CPU.ActiveCfg = Release|Any CPU
		{BADCE6C9-89F3-4E33-91D1-AB9A329642BF}.Release|Any CPU.Build.0 = Release|Any CPU
		{C3464970-4490-40B0-ABBD-CBA7769A85F9}.Debug|Any CPU.ActiveCfg = Debug|Any CPU
		{C3464970-4490-40B0-ABBD-CBA7769A85F9}.Debug|Any CPU.Build.0 = Debug|Any CPU
		{C3464970-4490-40B0-ABBD-CBA7769A85F9}.Release|Any CPU.ActiveCfg = Release|Any CPU
		{C3464970-4490-40B0-ABBD-CBA7769A85F9}.Release|Any CPU.Build.0 = Release|Any CPU
		{DBDD65BF-114E-4950-9559-3EDE2B35F1F4}.Debug|Any CPU.ActiveCfg = Debug|Any CPU
		{DBDD65BF-114E-4950-9559-3EDE2B35F1F4}.Debug|Any CPU.Build.0 = Debug|Any CPU
		{DBDD65BF-114E-4950-9559-3EDE2B35F1F4}.Release|Any CPU.ActiveCfg = Release|Any CPU
		{DBDD65BF-114E-4950-9559-3EDE2B35F1F4}.Release|Any CPU.Build.0 = Release|Any CPU
		{B2813DA7-3E84-44AA-8B18-9B5646F7B742}.Debug|Any CPU.ActiveCfg = Debug|Any CPU
		{B2813DA7-3E84-44AA-8B18-9B5646F7B742}.Debug|Any CPU.Build.0 = Debug|Any CPU
		{B2813DA7-3E84-44AA-8B18-9B5646F7B742}.Release|Any CPU.ActiveCfg = Release|Any CPU
		{B2813DA7-3E84-44AA-8B18-9B5646F7B742}.Release|Any CPU.Build.0 = Release|Any CPU
	EndGlobalSection
	GlobalSection(SolutionProperties) = preSolution
		HideSolutionNode = FALSE
	EndGlobalSection
	GlobalSection(NestedProjects) = preSolution
		{C7C6E849-37F2-4DA2-BC69-AC86F57C46AA} = {77270AF6-B45E-4FAA-9D1E-DDDD09FAF3F9}
		{8721C294-3A3C-4CD1-A29A-70F0FD2487C3} = {C7C6E849-37F2-4DA2-BC69-AC86F57C46AA}
		{23093298-1DB1-4422-97A4-874EDBAFE7CD} = {77270AF6-B45E-4FAA-9D1E-DDDD09FAF3F9}
		{51150642-0612-4CC9-845F-AB269025B987} = {7BBD41BB-D8DB-46B3-8C0B-9A6F55EA332E}
		{66129E42-CDEB-4E46-8D1C-415FB4CAC892} = {77270AF6-B45E-4FAA-9D1E-DDDD09FAF3F9}
		{87F4D1C6-DF8C-4852-99B5-2FA71B85F9E1} = {66129E42-CDEB-4E46-8D1C-415FB4CAC892}
		{1FDADF21-910A-4EA5-9205-BF4B6F61457C} = {66129E42-CDEB-4E46-8D1C-415FB4CAC892}
		{90F5CFE7-4DB2-44AB-967E-B36736281CCE} = {66129E42-CDEB-4E46-8D1C-415FB4CAC892}
		{B1C66ADA-8672-47C4-84E7-12C60921D164} = {66129E42-CDEB-4E46-8D1C-415FB4CAC892}
		{143065DA-24A7-45A2-A001-CF9B9FDE2BD8} = {BE2DDCFE-5165-4494-87ED-35A24B634F51}
		{75AC717C-22DF-4A11-A3F8-E2A4C3740BC1} = {C7C6E849-37F2-4DA2-BC69-AC86F57C46AA}
		{1D1F4CE1-23DE-41EE-B6A0-B415E128B01F} = {8721C294-3A3C-4CD1-A29A-70F0FD2487C3}
		{3D8AA2A9-8E8B-45F4-B06C-741D43A56ED0} = {8721C294-3A3C-4CD1-A29A-70F0FD2487C3}
		{70C7A9AC-0CA6-4FC2-9FE8-C65F267FE864} = {23093298-1DB1-4422-97A4-874EDBAFE7CD}
		{9047B149-98F5-4261-B157-AB56636576B2} = {66129E42-CDEB-4E46-8D1C-415FB4CAC892}
		{BADCE6C9-89F3-4E33-91D1-AB9A329642BF} = {9047B149-98F5-4261-B157-AB56636576B2}
		{C3464970-4490-40B0-ABBD-CBA7769A85F9} = {9047B149-98F5-4261-B157-AB56636576B2}
		{E40715DC-ECB9-45A4-AC5B-287B085BE0E1} = {BE2DDCFE-5165-4494-87ED-35A24B634F51}
		{DBDD65BF-114E-4950-9559-3EDE2B35F1F4} = {E40715DC-ECB9-45A4-AC5B-287B085BE0E1}
		{B2813DA7-3E84-44AA-8B18-9B5646F7B742} = {E40715DC-ECB9-45A4-AC5B-287B085BE0E1}
	EndGlobalSection
	GlobalSection(ExtensibilityGlobals) = postSolution
		SolutionGuid = {F52C6827-3572-4EF7-A3C4-9D0CE1245334}
	EndGlobalSection
EndGlobal
